
Microsoft Visual Studio Solution File, Format Version 12.00
# Visual Studio 15
VisualStudioVersion = 15.0.27130.2027
MinimumVisualStudioVersion = 10.0.40219.1
Project("{FAE04EC0-301F-11D3-BF4B-00C04F79EFBC}") = "redgum.rollbar.repeater", "redgum.rollbar.repeater\redgum.rollbar.repeater.csproj", "{F1F1BC38-8F57-4989-989B-0C2F6F5F6419}"
EndProject
Global
	GlobalSection(SolutionConfigurationPlatforms) = preSolution
		Debug|Any CPU = Debug|Any CPU
		Release|Any CPU = Release|Any CPU
	EndGlobalSection
	GlobalSection(ProjectConfigurationPlatforms) = postSolution
		{F1F1BC38-8F57-4989-989B-0C2F6F5F6419}.Debug|Any CPU.ActiveCfg = Debug|Any CPU
		{F1F1BC38-8F57-4989-989B-0C2F6F5F6419}.Debug|Any CPU.Build.0 = Debug|Any CPU
		{F1F1BC38-8F57-4989-989B-0C2F6F5F6419}.Release|Any CPU.ActiveCfg = Release|Any CPU
		{F1F1BC38-8F57-4989-989B-0C2F6F5F6419}.Release|Any CPU.Build.0 = Release|Any CPU
	EndGlobalSection
	GlobalSection(SolutionProperties) = preSolution
		HideSolutionNode = FALSE
	EndGlobalSection
	GlobalSection(ExtensibilityGlobals) = postSolution
		SolutionGuid = {5F09130C-4F71-4910-967D-B975AF45589C}
	EndGlobalSection
EndGlobal
